
Microsoft Visual Studio Solution File, Format Version 12.00
# Visual Studio Version 16
VisualStudioVersion = 16.0.808.8
MinimumVisualStudioVersion = 10.0.40219.1
Project("{FAE04EC0-301F-11D3-BF4B-00C04F79EFBC}") = "NumberTest", "NumberTest\NumberTest.csproj", "{31DB2342-FF21-424B-B76B-60B98B7C5001}"
EndProject
Global
	GlobalSection(SolutionConfigurationPlatforms) = preSolution
		Debug|Any CPU = Debug|Any CPU
		Release|Any CPU = Release|Any CPU
	EndGlobalSection
	GlobalSection(ProjectConfigurationPlatforms) = postSolution
		{31DB2342-FF21-424B-B76B-60B98B7C5001}.Debug|Any CPU.ActiveCfg = Debug|Any CPU
		{31DB2342-FF21-424B-B76B-60B98B7C5001}.Debug|Any CPU.Build.0 = Debug|Any CPU
		{31DB2342-FF21-424B-B76B-60B98B7C5001}.Release|Any CPU.ActiveCfg = Release|Any CPU
		{31DB2342-FF21-424B-B76B-60B98B7C5001}.Release|Any CPU.Build.0 = Release|Any CPU
	EndGlobalSection
	GlobalSection(SolutionProperties) = preSolution
		HideSolutionNode = FALSE
	EndGlobalSection
	GlobalSection(ExtensibilityGlobals) = postSolution
		SolutionGuid = {F858EA11-291C-47C1-9BF0-650B67BFB074}
	EndGlobalSection
EndGlobal
