
Microsoft Visual Studio Solution File, Format Version 12.00
# Visual Studio Version 16
VisualStudioVersion = 16.0.808.8
MinimumVisualStudioVersion = 10.0.40219.1
Project("{FAE04EC0-301F-11D3-BF4B-00C04F79EFBC}") = "NumberGuess", "NumberGuess\NumberGuess.csproj", "{1F3D19E1-5E67-4A65-9121-5B7F3ACD3EB8}"
EndProject
Global
	GlobalSection(SolutionConfigurationPlatforms) = preSolution
		Debug|Any CPU = Debug|Any CPU
		Release|Any CPU = Release|Any CPU
	EndGlobalSection
	GlobalSection(ProjectConfigurationPlatforms) = postSolution
		{1F3D19E1-5E67-4A65-9121-5B7F3ACD3EB8}.Debug|Any CPU.ActiveCfg = Debug|Any CPU
		{1F3D19E1-5E67-4A65-9121-5B7F3ACD3EB8}.Debug|Any CPU.Build.0 = Debug|Any CPU
		{1F3D19E1-5E67-4A65-9121-5B7F3ACD3EB8}.Release|Any CPU.ActiveCfg = Release|Any CPU
		{1F3D19E1-5E67-4A65-9121-5B7F3ACD3EB8}.Release|Any CPU.Build.0 = Release|Any CPU
	EndGlobalSection
	GlobalSection(SolutionProperties) = preSolution
		HideSolutionNode = FALSE
	EndGlobalSection
	GlobalSection(ExtensibilityGlobals) = postSolution
		SolutionGuid = {28A220B3-DF5D-4AE7-A29C-B12DEAFDCA56}
	EndGlobalSection
EndGlobal
